
Microsoft Visual Studio Solution File, Format Version 12.00
# Visual Studio 15
VisualStudioVersion = 15.0.28307.1831
MinimumVisualStudioVersion = 10.0.40219.1
Project("{FAE04EC0-301F-11D3-BF4B-00C04F79EFBC}") = "CoursovaSaleOfNail", "CoursovaSaleOfNail\CoursovaSaleOfNail.csproj", "{45A43040-C00D-4C43-9CCC-C7FFF4690EA8}"
EndProject
Global
	GlobalSection(SolutionConfigurationPlatforms) = preSolution
		Debug|Any CPU = Debug|Any CPU
		Release|Any CPU = Release|Any CPU
	EndGlobalSection
	GlobalSection(ProjectConfigurationPlatforms) = postSolution
		{45A43040-C00D-4C43-9CCC-C7FFF4690EA8}.Debug|Any CPU.ActiveCfg = Debug|Any CPU
		{45A43040-C00D-4C43-9CCC-C7FFF4690EA8}.Debug|Any CPU.Build.0 = Debug|Any CPU
		{45A43040-C00D-4C43-9CCC-C7FFF4690EA8}.Release|Any CPU.ActiveCfg = Release|Any CPU
		{45A43040-C00D-4C43-9CCC-C7FFF4690EA8}.Release|Any CPU.Build.0 = Release|Any CPU
	EndGlobalSection
	GlobalSection(SolutionProperties) = preSolution
		HideSolutionNode = FALSE
	EndGlobalSection
	GlobalSection(ExtensibilityGlobals) = postSolution
		SolutionGuid = {6D738085-119F-472C-8C21-CD1DDF5F0383}
	EndGlobalSection
EndGlobal
